
Microsoft Visual Studio Solution File, Format Version 12.00
# Visual Studio Version 17
VisualStudioVersion = 17.7.34031.279
MinimumVisualStudioVersion = 10.0.40219.1
Project("{8BC9CEB8-8B4A-11D0-8D11-00A0C91BC942}") = "sanziqi2.0", "sanziqi2.0.vcxproj", "{88153012-8F64-4917-B421-8088A989862A}"
EndProject
Global
	GlobalSection(SolutionConfigurationPlatforms) = preSolution
		Debug|x64 = Debug|x64
		Debug|x86 = Debug|x86
		Release|x64 = Release|x64
		Release|x86 = Release|x86
	EndGlobalSection
	GlobalSection(ProjectConfigurationPlatforms) = postSolution
		{88153012-8F64-4917-B421-8088A989862A}.Debug|x64.ActiveCfg = Debug|x64
		{88153012-8F64-4917-B421-8088A989862A}.Debug|x64.Build.0 = Debug|x64
		{88153012-8F64-4917-B421-8088A989862A}.Debug|x86.ActiveCfg = Debug|Win32
		{88153012-8F64-4917-B421-8088A989862A}.Debug|x86.Build.0 = Debug|Win32
		{88153012-8F64-4917-B421-8088A989862A}.Release|x64.ActiveCfg = Release|x64
		{88153012-8F64-4917-B421-8088A989862A}.Release|x64.Build.0 = Release|x64
		{88153012-8F64-4917-B421-8088A989862A}.Release|x86.ActiveCfg = Release|Win32
		{88153012-8F64-4917-B421-8088A989862A}.Release|x86.Build.0 = Release|Win32
	EndGlobalSection
	GlobalSection(SolutionProperties) = preSolution
		HideSolutionNode = FALSE
	EndGlobalSection
	GlobalSection(ExtensibilityGlobals) = postSolution
		SolutionGuid = {54987A0B-F553-4409-AAA2-D7881A433A02}
	EndGlobalSection
EndGlobal
